
Microsoft Visual Studio Solution File, Format Version 12.00
# Visual Studio Version 17
VisualStudioVersion = 17.7.34221.43
MinimumVisualStudioVersion = 10.0.40219.1
Project("{FAE04EC0-301F-11D3-BF4B-00C04F79EFBC}") = "FormsAppContest", "FormsAppContest.csproj", "{643FC856-1A8F-4B8F-9E65-21438AC213C5}"
EndProject
Global
	GlobalSection(SolutionConfigurationPlatforms) = preSolution
		Debug|Any CPU = Debug|Any CPU
		Release|Any CPU = Release|Any CPU
	EndGlobalSection
	GlobalSection(ProjectConfigurationPlatforms) = postSolution
		{643FC856-1A8F-4B8F-9E65-21438AC213C5}.Debug|Any CPU.ActiveCfg = Debug|Any CPU
		{643FC856-1A8F-4B8F-9E65-21438AC213C5}.Debug|Any CPU.Build.0 = Debug|Any CPU
		{643FC856-1A8F-4B8F-9E65-21438AC213C5}.Release|Any CPU.ActiveCfg = Release|Any CPU
		{643FC856-1A8F-4B8F-9E65-21438AC213C5}.Release|Any CPU.Build.0 = Release|Any CPU
	EndGlobalSection
	GlobalSection(SolutionProperties) = preSolution
		HideSolutionNode = FALSE
	EndGlobalSection
	GlobalSection(ExtensibilityGlobals) = postSolution
		SolutionGuid = {1BFA9B54-52A2-4497-90E7-402CA06A6A4B}
	EndGlobalSection
EndGlobal
