
Microsoft Visual Studio Solution File, Format Version 12.00
# Visual Studio 15
Project("{FAE04EC0-301F-11D3-BF4B-00C04F79EFBC}") = "Unity.Timeline", "Unity.Timeline.csproj", "{CE63F6E2-6910-0DE0-B83C-0F9C501EE8AF}"
EndProject
Project("{FAE04EC0-301F-11D3-BF4B-00C04F79EFBC}") = "Unity.Timeline.Editor", "Unity.Timeline.Editor.csproj", "{ECBBD067-71D7-B286-2C2C-D30A3DCAD8E0}"
EndProject
Project("{FAE04EC0-301F-11D3-BF4B-00C04F79EFBC}") = "Unity.TextMeshPro.Editor", "Unity.TextMeshPro.Editor.csproj", "{A2C6CE28-756B-286E-6C29-BB9A01F9A48F}"
EndProject
Project("{FAE04EC0-301F-11D3-BF4B-00C04F79EFBC}") = "Unity.VisualScripting.Flow", "Unity.VisualScripting.Flow.csproj", "{E3672A7C-BBFC-BFFB-B9AC-BDC80F1E7EDF}"
EndProject
Project("{FAE04EC0-301F-11D3-BF4B-00C04F79EFBC}") = "UnityEditor.UI", "UnityEditor.UI.csproj", "{8A3D5211-DFFE-33BF-04C6-3A8F88FE54E9}"
EndProject
Project("{FAE04EC0-301F-11D3-BF4B-00C04F79EFBC}") = "Unity.PlasticSCM.Editor", "Unity.PlasticSCM.Editor.csproj", "{6A1A3CB1-178D-17F4-3E83-D27CF178F1CC}"
EndProject
Project("{FAE04EC0-301F-11D3-BF4B-00C04F79EFBC}") = "Unity.VisualScripting.Core", "Unity.VisualScripting.Core.csproj", "{297D85CE-542A-C1B4-0F97-1CFC8873330A}"
EndProject
Project("{FAE04EC0-301F-11D3-BF4B-00C04F79EFBC}") = "Unity.VisualScripting.Core.Editor", "Unity.VisualScripting.Core.Editor.csproj", "{B56A19B1-A839-22F0-79B2-22AD12DA11F8}"
EndProject
Project("{FAE04EC0-301F-11D3-BF4B-00C04F79EFBC}") = "Unity.VisualScripting.Flow.Editor", "Unity.VisualScripting.Flow.Editor.csproj", "{1209E34F-C22B-4470-05BC-A9D5BA94B23F}"
EndProject
Project("{FAE04EC0-301F-11D3-BF4B-00C04F79EFBC}") = "UnityEditor.TestRunner", "UnityEditor.TestRunner.csproj", "{9BF43312-FBB5-0E89-716F-9A5103200478}"
EndProject
Project("{FAE04EC0-301F-11D3-BF4B-00C04F79EFBC}") = "Unity.VisualScripting.SettingsProvider.Editor", "Unity.VisualScripting.SettingsProvider.Editor.csproj", "{DE199715-84C8-8B46-A548-1C630BC9CFAF}"
EndProject
Project("{FAE04EC0-301F-11D3-BF4B-00C04F79EFBC}") = "UnityEngine.TestRunner", "UnityEngine.TestRunner.csproj", "{A7AC5D7E-B5F2-65C9-4D62-05A38B89C459}"
EndProject
Project("{FAE04EC0-301F-11D3-BF4B-00C04F79EFBC}") = "UnityEngine.UI", "UnityEngine.UI.csproj", "{6B4C8F55-857B-D56E-BD3B-CD04B864D0C5}"
EndProject
Project("{FAE04EC0-301F-11D3-BF4B-00C04F79EFBC}") = "Unity.VisualStudio.Editor", "Unity.VisualStudio.Editor.csproj", "{C91C8435-F107-23B5-CD5A-971C112956E0}"
EndProject
Project("{FAE04EC0-301F-11D3-BF4B-00C04F79EFBC}") = "Unity.TestTools.CodeCoverage.Editor.OpenCover.Model", "Unity.TestTools.CodeCoverage.Editor.OpenCover.Model.csproj", "{68A8778F-8B00-0764-071B-255CAD5AEB49}"
EndProject
Project("{FAE04EC0-301F-11D3-BF4B-00C04F79EFBC}") = "Unity.Rider.Editor", "Unity.Rider.Editor.csproj", "{36263227-6452-4859-848F-D14B608DD46A}"
EndProject
Project("{FAE04EC0-301F-11D3-BF4B-00C04F79EFBC}") = "Unity.VisualScripting.State.Editor", "Unity.VisualScripting.State.Editor.csproj", "{FB2FB43D-5B20-5234-2B8D-FBD662753780}"
EndProject
Project("{FAE04EC0-301F-11D3-BF4B-00C04F79EFBC}") = "Unity.TestTools.CodeCoverage.Editor", "Unity.TestTools.CodeCoverage.Editor.csproj", "{39BD569D-6F79-9002-239B-E58ADC2F58A8}"
EndProject
Project("{FAE04EC0-301F-11D3-BF4B-00C04F79EFBC}") = "Unity.VisualScripting.State", "Unity.VisualScripting.State.csproj", "{F6916E58-D0C7-276D-F552-3CE72F54EABA}"
EndProject
Project("{FAE04EC0-301F-11D3-BF4B-00C04F79EFBC}") = "Unity.TextMeshPro", "Unity.TextMeshPro.csproj", "{95D31791-ED45-2930-7391-6C2BDBA64A1C}"
EndProject
Project("{FAE04EC0-301F-11D3-BF4B-00C04F79EFBC}") = "Unity.Performance.Profile-Analyzer.Editor", "Unity.Performance.Profile-Analyzer.Editor.csproj", "{A2AF2609-EBC2-57C4-894C-9846AE4779C5}"
EndProject
Project("{FAE04EC0-301F-11D3-BF4B-00C04F79EFBC}") = "Unity.VSCode.Editor", "Unity.VSCode.Editor.csproj", "{F21B8FEA-5985-142E-0FE5-448085A5164B}"
EndProject
Project("{FAE04EC0-301F-11D3-BF4B-00C04F79EFBC}") = "Unity.TestTools.CodeCoverage.Editor.OpenCover.Mono.Reflection", "Unity.TestTools.CodeCoverage.Editor.OpenCover.Mono.Reflection.csproj", "{ECD1CF5A-9EAF-EC8E-CD16-E0D6159EC718}"
EndProject
Project("{FAE04EC0-301F-11D3-BF4B-00C04F79EFBC}") = "Unity.Settings.Editor", "Unity.Settings.Editor.csproj", "{0C86739D-DDCC-4B27-A681-2280249DEE9E}"
EndProject
Project("{FAE04EC0-301F-11D3-BF4B-00C04F79EFBC}") = "Unity.EditorCoroutines.Editor", "Unity.EditorCoroutines.Editor.csproj", "{AE752417-A3E0-102D-E17F-9C550701559F}"
EndProject
Project("{FAE04EC0-301F-11D3-BF4B-00C04F79EFBC}") = "Unity.VisualScripting.Shared.Editor", "Unity.VisualScripting.Shared.Editor.csproj", "{8913E1E2-436E-D70B-DE95-6EAC5F68E1F7}"
EndProject
Project("{FAE04EC0-301F-11D3-BF4B-00C04F79EFBC}") = "Unity.CollabProxy.Editor", "Unity.CollabProxy.Editor.csproj", "{FBFB401F-C807-443D-994A-F55AA8BBE100}"
EndProject
Project("{FAE04EC0-301F-11D3-BF4B-00C04F79EFBC}") = "Unity.Timeline", "Unity.Timeline.Player.csproj", "{A84AAECA-938D-2262-7BD8-E8967A31CA5B}"
EndProject
Project("{FAE04EC0-301F-11D3-BF4B-00C04F79EFBC}") = "Unity.VisualScripting.Flow", "Unity.VisualScripting.Flow.Player.csproj", "{5E683226-6C12-E9B9-8F07-DCC39E2D9969}"
EndProject
Project("{FAE04EC0-301F-11D3-BF4B-00C04F79EFBC}") = "Unity.VisualScripting.Core", "Unity.VisualScripting.Core.Player.csproj", "{64A7A8E4-673C-C010-B9D6-F7B3E86E53F6}"
EndProject
Project("{FAE04EC0-301F-11D3-BF4B-00C04F79EFBC}") = "UnityEngine.TestRunner", "UnityEngine.TestRunner.Player.csproj", "{57C9CF90-D7C4-C070-BCD3-A9CB4FA86372}"
EndProject
Project("{FAE04EC0-301F-11D3-BF4B-00C04F79EFBC}") = "UnityEngine.UI", "UnityEngine.UI.Player.csproj", "{A498939E-3E91-3C68-6D76-14735758DB91}"
EndProject
Project("{FAE04EC0-301F-11D3-BF4B-00C04F79EFBC}") = "Unity.VisualScripting.State", "Unity.VisualScripting.State.Player.csproj", "{B4420C7A-6BD5-C0B3-D101-73FD8D2AF997}"
EndProject
Project("{FAE04EC0-301F-11D3-BF4B-00C04F79EFBC}") = "Unity.TextMeshPro", "Unity.TextMeshPro.Player.csproj", "{25C89B9E-A9A9-D8DE-633F-07458F10744C}"
EndProject
Global
	GlobalSection(SolutionConfigurationPlatforms) = preSolution
		Debug|Any CPU = Debug|Any CPU
		Release|Any CPU = Release|Any CPU
	EndGlobalSection
	GlobalSection(ProjectConfigurationPlatforms) = postSolution
		{CE63F6E2-6910-0DE0-B83C-0F9C501EE8AF}.Debug|Any CPU.ActiveCfg = Debug|Any CPU
		{CE63F6E2-6910-0DE0-B83C-0F9C501EE8AF}.Debug|Any CPU.Build.0 = Debug|Any CPU
		{CE63F6E2-6910-0DE0-B83C-0F9C501EE8AF}.Release|Any CPU.ActiveCfg = Release|Any CPU
		{CE63F6E2-6910-0DE0-B83C-0F9C501EE8AF}.Release|Any CPU.Build.0 = Release|Any CPU
		{ECBBD067-71D7-B286-2C2C-D30A3DCAD8E0}.Debug|Any CPU.ActiveCfg = Debug|Any CPU
		{ECBBD067-71D7-B286-2C2C-D30A3DCAD8E0}.Debug|Any CPU.Build.0 = Debug|Any CPU
		{ECBBD067-71D7-B286-2C2C-D30A3DCAD8E0}.Release|Any CPU.ActiveCfg = Release|Any CPU
		{ECBBD067-71D7-B286-2C2C-D30A3DCAD8E0}.Release|Any CPU.Build.0 = Release|Any CPU
		{A2C6CE28-756B-286E-6C29-BB9A01F9A48F}.Debug|Any CPU.ActiveCfg = Debug|Any CPU
		{A2C6CE28-756B-286E-6C29-BB9A01F9A48F}.Debug|Any CPU.Build.0 = Debug|Any CPU
		{A2C6CE28-756B-286E-6C29-BB9A01F9A48F}.Release|Any CPU.ActiveCfg = Release|Any CPU
		{A2C6CE28-756B-286E-6C29-BB9A01F9A48F}.Release|Any CPU.Build.0 = Release|Any CPU
		{E3672A7C-BBFC-BFFB-B9AC-BDC80F1E7EDF}.Debug|Any CPU.ActiveCfg = Debug|Any CPU
		{E3672A7C-BBFC-BFFB-B9AC-BDC80F1E7EDF}.Debug|Any CPU.Build.0 = Debug|Any CPU
		{E3672A7C-BBFC-BFFB-B9AC-BDC80F1E7EDF}.Release|Any CPU.ActiveCfg = Release|Any CPU
		{E3672A7C-BBFC-BFFB-B9AC-BDC80F1E7EDF}.Release|Any CPU.Build.0 = Release|Any CPU
		{8A3D5211-DFFE-33BF-04C6-3A8F88FE54E9}.Debug|Any CPU.ActiveCfg = Debug|Any CPU
		{8A3D5211-DFFE-33BF-04C6-3A8F88FE54E9}.Debug|Any CPU.Build.0 = Debug|Any CPU
		{8A3D5211-DFFE-33BF-04C6-3A8F88FE54E9}.Release|Any CPU.ActiveCfg = Release|Any CPU
		{8A3D5211-DFFE-33BF-04C6-3A8F88FE54E9}.Release|Any CPU.Build.0 = Release|Any CPU
		{6A1A3CB1-178D-17F4-3E83-D27CF178F1CC}.Debug|Any CPU.ActiveCfg = Debug|Any CPU
		{6A1A3CB1-178D-17F4-3E83-D27CF178F1CC}.Debug|Any CPU.Build.0 = Debug|Any CPU
		{6A1A3CB1-178D-17F4-3E83-D27CF178F1CC}.Release|Any CPU.ActiveCfg = Release|Any CPU
		{6A1A3CB1-178D-17F4-3E83-D27CF178F1CC}.Release|Any CPU.Build.0 = Release|Any CPU
		{297D85CE-542A-C1B4-0F97-1CFC8873330A}.Debug|Any CPU.ActiveCfg = Debug|Any CPU
		{297D85CE-542A-C1B4-0F97-1CFC8873330A}.Debug|Any CPU.Build.0 = Debug|Any CPU
		{297D85CE-542A-C1B4-0F97-1CFC8873330A}.Release|Any CPU.ActiveCfg = Release|Any CPU
		{297D85CE-542A-C1B4-0F97-1CFC8873330A}.Release|Any CPU.Build.0 = Release|Any CPU
		{B56A19B1-A839-22F0-79B2-22AD12DA11F8}.Debug|Any CPU.ActiveCfg = Debug|Any CPU
		{B56A19B1-A839-22F0-79B2-22AD12DA11F8}.Debug|Any CPU.Build.0 = Debug|Any CPU
		{B56A19B1-A839-22F0-79B2-22AD12DA11F8}.Release|Any CPU.ActiveCfg = Release|Any CPU
		{B56A19B1-A839-22F0-79B2-22AD12DA11F8}.Release|Any CPU.Build.0 = Release|Any CPU
		{1209E34F-C22B-4470-05BC-A9D5BA94B23F}.Debug|Any CPU.ActiveCfg = Debug|Any CPU
		{1209E34F-C22B-4470-05BC-A9D5BA94B23F}.Debug|Any CPU.Build.0 = Debug|Any CPU
		{1209E34F-C22B-4470-05BC-A9D5BA94B23F}.Release|Any CPU.ActiveCfg = Release|Any CPU
		{1209E34F-C22B-4470-05BC-A9D5BA94B23F}.Release|Any CPU.Build.0 = Release|Any CPU
		{9BF43312-FBB5-0E89-716F-9A5103200478}.Debug|Any CPU.ActiveCfg = Debug|Any CPU
		{9BF43312-FBB5-0E89-716F-9A5103200478}.Debug|Any CPU.Build.0 = Debug|Any CPU
		{9BF43312-FBB5-0E89-716F-9A5103200478}.Release|Any CPU.ActiveCfg = Release|Any CPU
		{9BF43312-FBB5-0E89-716F-9A5103200478}.Release|Any CPU.Build.0 = Release|Any CPU
		{DE199715-84C8-8B46-A548-1C630BC9CFAF}.Debug|Any CPU.ActiveCfg = Debug|Any CPU
		{DE199715-84C8-8B46-A548-1C630BC9CFAF}.Debug|Any CPU.Build.0 = Debug|Any CPU
		{DE199715-84C8-8B46-A548-1C630BC9CFAF}.Release|Any CPU.ActiveCfg = Release|Any CPU
		{DE199715-84C8-8B46-A548-1C630BC9CFAF}.Release|Any CPU.Build.0 = Release|Any CPU
		{A7AC5D7E-B5F2-65C9-4D62-05A38B89C459}.Debug|Any CPU.ActiveCfg = Debug|Any CPU
		{A7AC5D7E-B5F2-65C9-4D62-05A38B89C459}.Debug|Any CPU.Build.0 = Debug|Any CPU
		{A7AC5D7E-B5F2-65C9-4D62-05A38B89C459}.Release|Any CPU.ActiveCfg = Release|Any CPU
		{A7AC5D7E-B5F2-65C9-4D62-05A38B89C459}.Release|Any CPU.Build.0 = Release|Any CPU
		{6B4C8F55-857B-D56E-BD3B-CD04B864D0C5}.Debug|Any CPU.ActiveCfg = Debug|Any CPU
		{6B4C8F55-857B-D56E-BD3B-CD04B864D0C5}.Debug|Any CPU.Build.0 = Debug|Any CPU
		{6B4C8F55-857B-D56E-BD3B-CD04B864D0C5}.Release|Any CPU.ActiveCfg = Release|Any CPU
		{6B4C8F55-857B-D56E-BD3B-CD04B864D0C5}.Release|Any CPU.Build.0 = Release|Any CPU
		{C91C8435-F107-23B5-CD5A-971C112956E0}.Debug|Any CPU.ActiveCfg = Debug|Any CPU
		{C91C8435-F107-23B5-CD5A-971C112956E0}.Debug|Any CPU.Build.0 = Debug|Any CPU
		{C91C8435-F107-23B5-CD5A-971C112956E0}.Release|Any CPU.ActiveCfg = Release|Any CPU
		{C91C8435-F107-23B5-CD5A-971C112956E0}.Release|Any CPU.Build.0 = Release|Any CPU
		{68A8778F-8B00-0764-071B-255CAD5AEB49}.Debug|Any CPU.ActiveCfg = Debug|Any CPU
		{68A8778F-8B00-0764-071B-255CAD5AEB49}.Debug|Any CPU.Build.0 = Debug|Any CPU
		{68A8778F-8B00-0764-071B-255CAD5AEB49}.Release|Any CPU.ActiveCfg = Release|Any CPU
		{68A8778F-8B00-0764-071B-255CAD5AEB49}.Release|Any CPU.Build.0 = Release|Any CPU
		{36263227-6452-4859-848F-D14B608DD46A}.Debug|Any CPU.ActiveCfg = Debug|Any CPU
		{36263227-6452-4859-848F-D14B608DD46A}.Debug|Any CPU.Build.0 = Debug|Any CPU
		{36263227-6452-4859-848F-D14B608DD46A}.Release|Any CPU.ActiveCfg = Release|Any CPU
		{36263227-6452-4859-848F-D14B608DD46A}.Release|Any CPU.Build.0 = Release|Any CPU
		{FB2FB43D-5B20-5234-2B8D-FBD662753780}.Debug|Any CPU.ActiveCfg = Debug|Any CPU
		{FB2FB43D-5B20-5234-2B8D-FBD662753780}.Debug|Any CPU.Build.0 = Debug|Any CPU
		{FB2FB43D-5B20-5234-2B8D-FBD662753780}.Release|Any CPU.ActiveCfg = Release|Any CPU
		{FB2FB43D-5B20-5234-2B8D-FBD662753780}.Release|Any CPU.Build.0 = Release|Any CPU
		{39BD569D-6F79-9002-239B-E58ADC2F58A8}.Debug|Any CPU.ActiveCfg = Debug|Any CPU
		{39BD569D-6F79-9002-239B-E58ADC2F58A8}.Debug|Any CPU.Build.0 = Debug|Any CPU
		{39BD569D-6F79-9002-239B-E58ADC2F58A8}.Release|Any CPU.ActiveCfg = Release|Any CPU
		{39BD569D-6F79-9002-239B-E58ADC2F58A8}.Release|Any CPU.Build.0 = Release|Any CPU
		{F6916E58-D0C7-276D-F552-3CE72F54EABA}.Debug|Any CPU.ActiveCfg = Debug|Any CPU
		{F6916E58-D0C7-276D-F552-3CE72F54EABA}.Debug|Any CPU.Build.0 = Debug|Any CPU
		{F6916E58-D0C7-276D-F552-3CE72F54EABA}.Release|Any CPU.ActiveCfg = Release|Any CPU
		{F6916E58-D0C7-276D-F552-3CE72F54EABA}.Release|Any CPU.Build.0 = Release|Any CPU
		{95D31791-ED45-2930-7391-6C2BDBA64A1C}.Debug|Any CPU.ActiveCfg = Debug|Any CPU
		{95D31791-ED45-2930-7391-6C2BDBA64A1C}.Debug|Any CPU.Build.0 = Debug|Any CPU
		{95D31791-ED45-2930-7391-6C2BDBA64A1C}.Release|Any CPU.ActiveCfg = Release|Any CPU
		{95D31791-ED45-2930-7391-6C2BDBA64A1C}.Release|Any CPU.Build.0 = Release|Any CPU
		{A2AF2609-EBC2-57C4-894C-9846AE4779C5}.Debug|Any CPU.ActiveCfg = Debug|Any CPU
		{A2AF2609-EBC2-57C4-894C-9846AE4779C5}.Debug|Any CPU.Build.0 = Debug|Any CPU
		{A2AF2609-EBC2-57C4-894C-9846AE4779C5}.Release|Any CPU.ActiveCfg = Release|Any CPU
		{A2AF2609-EBC2-57C4-894C-9846AE4779C5}.Release|Any CPU.Build.0 = Release|Any CPU
		{F21B8FEA-5985-142E-0FE5-448085A5164B}.Debug|Any CPU.ActiveCfg = Debug|Any CPU
		{F21B8FEA-5985-142E-0FE5-448085A5164B}.Debug|Any CPU.Build.0 = Debug|Any CPU
		{F21B8FEA-5985-142E-0FE5-448085A5164B}.Release|Any CPU.ActiveCfg = Release|Any CPU
		{F21B8FEA-5985-142E-0FE5-448085A5164B}.Release|Any CPU.Build.0 = Release|Any CPU
		{ECD1CF5A-9EAF-EC8E-CD16-E0D6159EC718}.Debug|Any CPU.ActiveCfg = Debug|Any CPU
		{ECD1CF5A-9EAF-EC8E-CD16-E0D6159EC718}.Debug|Any CPU.Build.0 = Debug|Any CPU
		{ECD1CF5A-9EAF-EC8E-CD16-E0D6159EC718}.Release|Any CPU.ActiveCfg = Release|Any CPU
		{ECD1CF5A-9EAF-EC8E-CD16-E0D6159EC718}.Release|Any CPU.Build.0 = Release|Any CPU
		{0C86739D-DDCC-4B27-A681-2280249DEE9E}.Debug|Any CPU.ActiveCfg = Debug|Any CPU
		{0C86739D-DDCC-4B27-A681-2280249DEE9E}.Debug|Any CPU.Build.0 = Debug|Any CPU
		{0C86739D-DDCC-4B27-A681-2280249DEE9E}.Release|Any CPU.ActiveCfg = Release|Any CPU
		{0C86739D-DDCC-4B27-A681-2280249DEE9E}.Release|Any CPU.Build.0 = Release|Any CPU
		{AE752417-A3E0-102D-E17F-9C550701559F}.Debug|Any CPU.ActiveCfg = Debug|Any CPU
		{AE752417-A3E0-102D-E17F-9C550701559F}.Debug|Any CPU.Build.0 = Debug|Any CPU
		{AE752417-A3E0-102D-E17F-9C550701559F}.Release|Any CPU.ActiveCfg = Release|Any CPU
		{AE752417-A3E0-102D-E17F-9C550701559F}.Release|Any CPU.Build.0 = Release|Any CPU
		{8913E1E2-436E-D70B-DE95-6EAC5F68E1F7}.Debug|Any CPU.ActiveCfg = Debug|Any CPU
		{8913E1E2-436E-D70B-DE95-6EAC5F68E1F7}.Debug|Any CPU.Build.0 = Debug|Any CPU
		{8913E1E2-436E-D70B-DE95-6EAC5F68E1F7}.Release|Any CPU.ActiveCfg = Release|Any CPU
		{8913E1E2-436E-D70B-DE95-6EAC5F68E1F7}.Release|Any CPU.Build.0 = Release|Any CPU
		{FBFB401F-C807-443D-994A-F55AA8BBE100}.Debug|Any CPU.ActiveCfg = Debug|Any CPU
		{FBFB401F-C807-443D-994A-F55AA8BBE100}.Debug|Any CPU.Build.0 = Debug|Any CPU
		{FBFB401F-C807-443D-994A-F55AA8BBE100}.Release|Any CPU.ActiveCfg = Release|Any CPU
		{FBFB401F-C807-443D-994A-F55AA8BBE100}.Release|Any CPU.Build.0 = Release|Any CPU
		{A84AAECA-938D-2262-7BD8-E8967A31CA5B}.Debug|Any CPU.ActiveCfg = Debug|Any CPU
		{A84AAECA-938D-2262-7BD8-E8967A31CA5B}.Debug|Any CPU.Build.0 = Debug|Any CPU
		{A84AAECA-938D-2262-7BD8-E8967A31CA5B}.Release|Any CPU.ActiveCfg = Release|Any CPU
		{A84AAECA-938D-2262-7BD8-E8967A31CA5B}.Release|Any CPU.Build.0 = Release|Any CPU
		{5E683226-6C12-E9B9-8F07-DCC39E2D9969}.Debug|Any CPU.ActiveCfg = Debug|Any CPU
		{5E683226-6C12-E9B9-8F07-DCC39E2D9969}.Debug|Any CPU.Build.0 = Debug|Any CPU
		{5E683226-6C12-E9B9-8F07-DCC39E2D9969}.Release|Any CPU.ActiveCfg = Release|Any CPU
		{5E683226-6C12-E9B9-8F07-DCC39E2D9969}.Release|Any CPU.Build.0 = Release|Any CPU
		{64A7A8E4-673C-C010-B9D6-F7B3E86E53F6}.Debug|Any CPU.ActiveCfg = Debug|Any CPU
		{64A7A8E4-673C-C010-B9D6-F7B3E86E53F6}.Debug|Any CPU.Build.0 = Debug|Any CPU
		{64A7A8E4-673C-C010-B9D6-F7B3E86E53F6}.Release|Any CPU.ActiveCfg = Release|Any CPU
		{64A7A8E4-673C-C010-B9D6-F7B3E86E53F6}.Release|Any CPU.Build.0 = Release|Any CPU
		{57C9CF90-D7C4-C070-BCD3-A9CB4FA86372}.Debug|Any CPU.ActiveCfg = Debug|Any CPU
		{57C9CF90-D7C4-C070-BCD3-A9CB4FA86372}.Debug|Any CPU.Build.0 = Debug|Any CPU
		{57C9CF90-D7C4-C070-BCD3-A9CB4FA86372}.Release|Any CPU.ActiveCfg = Release|Any CPU
		{57C9CF90-D7C4-C070-BCD3-A9CB4FA86372}.Release|Any CPU.Build.0 = Release|Any CPU
		{A498939E-3E91-3C68-6D76-14735758DB91}.Debug|Any CPU.ActiveCfg = Debug|Any CPU
		{A498939E-3E91-3C68-6D76-14735758DB91}.Debug|Any CPU.Build.0 = Debug|Any CPU
		{A498939E-3E91-3C68-6D76-14735758DB91}.Release|Any CPU.ActiveCfg = Release|Any CPU
		{A498939E-3E91-3C68-6D76-14735758DB91}.Release|Any CPU.Build.0 = Release|Any CPU
		{B4420C7A-6BD5-C0B3-D101-73FD8D2AF997}.Debug|Any CPU.ActiveCfg = Debug|Any CPU
		{B4420C7A-6BD5-C0B3-D101-73FD8D2AF997}.Debug|Any CPU.Build.0 = Debug|Any CPU
		{B4420C7A-6BD5-C0B3-D101-73FD8D2AF997}.Release|Any CPU.ActiveCfg = Release|Any CPU
		{B4420C7A-6BD5-C0B3-D101-73FD8D2AF997}.Release|Any CPU.Build.0 = Release|Any CPU
		{25C89B9E-A9A9-D8DE-633F-07458F10744C}.Debug|Any CPU.ActiveCfg = Debug|Any CPU
		{25C89B9E-A9A9-D8DE-633F-07458F10744C}.Debug|Any CPU.Build.0 = Debug|Any CPU
		{25C89B9E-A9A9-D8DE-633F-07458F10744C}.Release|Any CPU.ActiveCfg = Release|Any CPU
		{25C89B9E-A9A9-D8DE-633F-07458F10744C}.Release|Any CPU.Build.0 = Release|Any CPU
	EndGlobalSection
	GlobalSection(SolutionProperties) = preSolution
		HideSolutionNode = FALSE
	EndGlobalSection
EndGlobal
