
Microsoft Visual Studio Solution File, Format Version 12.00
# Visual Studio Version 17
VisualStudioVersion = 17.7.34031.279
MinimumVisualStudioVersion = 10.0.40219.1
Project("{FAE04EC0-301F-11D3-BF4B-00C04F79EFBC}") = "Calculator", "Calculator\Calculator.csproj", "{A644B940-DE2E-4477-8297-A1C0F2140833}"
EndProject
Global
	GlobalSection(SolutionConfigurationPlatforms) = preSolution
		Debug|Any CPU = Debug|Any CPU
		Release|Any CPU = Release|Any CPU
	EndGlobalSection
	GlobalSection(ProjectConfigurationPlatforms) = postSolution
		{A644B940-DE2E-4477-8297-A1C0F2140833}.Debug|Any CPU.ActiveCfg = Debug|Any CPU
		{A644B940-DE2E-4477-8297-A1C0F2140833}.Debug|Any CPU.Build.0 = Debug|Any CPU
		{A644B940-DE2E-4477-8297-A1C0F2140833}.Release|Any CPU.ActiveCfg = Release|Any CPU
		{A644B940-DE2E-4477-8297-A1C0F2140833}.Release|Any CPU.Build.0 = Release|Any CPU
	EndGlobalSection
	GlobalSection(SolutionProperties) = preSolution
		HideSolutionNode = FALSE
	EndGlobalSection
	GlobalSection(ExtensibilityGlobals) = postSolution
		SolutionGuid = {7900C185-2845-4CD3-820F-449F33F25CB6}
	EndGlobalSection
EndGlobal
