
Microsoft Visual Studio Solution File, Format Version 12.00
# Visual Studio Version 17
VisualStudioVersion = 17.9.34622.214
MinimumVisualStudioVersion = 10.0.40219.1
Project("{9A19103F-16F7-4668-BE54-9A1E7A4F7556}") = "Task1", "Task1\Task1.csproj", "{43D29C39-322E-43F6-A751-74DE45FF9AFE}"
EndProject
Project("{9A19103F-16F7-4668-BE54-9A1E7A4F7556}") = "Task2", "Task2\Task2.csproj", "{633CA9FC-BF05-41E7-BF06-E736E5B0964C}"
EndProject
Project("{9A19103F-16F7-4668-BE54-9A1E7A4F7556}") = "Task3", "Task3\Task3.csproj", "{0326E820-0CC6-48F2-8F85-589E539D3105}"
EndProject
Project("{9A19103F-16F7-4668-BE54-9A1E7A4F7556}") = "Task4", "Task4\Task4.csproj", "{E3A8B8A0-A2E0-49C4-8110-48BE5FE18736}"
EndProject
Project("{9A19103F-16F7-4668-BE54-9A1E7A4F7556}") = "Task5", "Task5\Task5.csproj", "{033070F7-893A-4366-A759-E63D030E900C}"
EndProject
Project("{FAE04EC0-301F-11D3-BF4B-00C04F79EFBC}") = "Task6", "Task6\Task6.csproj", "{D56FDEC5-45F9-4D20-9576-E92404F43433}"
EndProject
Global
	GlobalSection(SolutionConfigurationPlatforms) = preSolution
		Debug|Any CPU = Debug|Any CPU
		Release|Any CPU = Release|Any CPU
	EndGlobalSection
	GlobalSection(ProjectConfigurationPlatforms) = postSolution
		{43D29C39-322E-43F6-A751-74DE45FF9AFE}.Debug|Any CPU.ActiveCfg = Debug|Any CPU
		{43D29C39-322E-43F6-A751-74DE45FF9AFE}.Debug|Any CPU.Build.0 = Debug|Any CPU
		{43D29C39-322E-43F6-A751-74DE45FF9AFE}.Release|Any CPU.ActiveCfg = Release|Any CPU
		{43D29C39-322E-43F6-A751-74DE45FF9AFE}.Release|Any CPU.Build.0 = Release|Any CPU
		{633CA9FC-BF05-41E7-BF06-E736E5B0964C}.Debug|Any CPU.ActiveCfg = Debug|Any CPU
		{633CA9FC-BF05-41E7-BF06-E736E5B0964C}.Debug|Any CPU.Build.0 = Debug|Any CPU
		{633CA9FC-BF05-41E7-BF06-E736E5B0964C}.Release|Any CPU.ActiveCfg = Release|Any CPU
		{633CA9FC-BF05-41E7-BF06-E736E5B0964C}.Release|Any CPU.Build.0 = Release|Any CPU
		{0326E820-0CC6-48F2-8F85-589E539D3105}.Debug|Any CPU.ActiveCfg = Debug|Any CPU
		{0326E820-0CC6-48F2-8F85-589E539D3105}.Debug|Any CPU.Build.0 = Debug|Any CPU
		{0326E820-0CC6-48F2-8F85-589E539D3105}.Release|Any CPU.ActiveCfg = Release|Any CPU
		{0326E820-0CC6-48F2-8F85-589E539D3105}.Release|Any CPU.Build.0 = Release|Any CPU
		{E3A8B8A0-A2E0-49C4-8110-48BE5FE18736}.Debug|Any CPU.ActiveCfg = Debug|Any CPU
		{E3A8B8A0-A2E0-49C4-8110-48BE5FE18736}.Debug|Any CPU.Build.0 = Debug|Any CPU
		{E3A8B8A0-A2E0-49C4-8110-48BE5FE18736}.Release|Any CPU.ActiveCfg = Release|Any CPU
		{E3A8B8A0-A2E0-49C4-8110-48BE5FE18736}.Release|Any CPU.Build.0 = Release|Any CPU
		{033070F7-893A-4366-A759-E63D030E900C}.Debug|Any CPU.ActiveCfg = Debug|Any CPU
		{033070F7-893A-4366-A759-E63D030E900C}.Debug|Any CPU.Build.0 = Debug|Any CPU
		{033070F7-893A-4366-A759-E63D030E900C}.Release|Any CPU.ActiveCfg = Release|Any CPU
		{033070F7-893A-4366-A759-E63D030E900C}.Release|Any CPU.Build.0 = Release|Any CPU
		{D56FDEC5-45F9-4D20-9576-E92404F43433}.Debug|Any CPU.ActiveCfg = Debug|Any CPU
		{D56FDEC5-45F9-4D20-9576-E92404F43433}.Debug|Any CPU.Build.0 = Debug|Any CPU
		{D56FDEC5-45F9-4D20-9576-E92404F43433}.Release|Any CPU.ActiveCfg = Release|Any CPU
		{D56FDEC5-45F9-4D20-9576-E92404F43433}.Release|Any CPU.Build.0 = Release|Any CPU
	EndGlobalSection
	GlobalSection(SolutionProperties) = preSolution
		HideSolutionNode = FALSE
	EndGlobalSection
	GlobalSection(ExtensibilityGlobals) = postSolution
		SolutionGuid = {9AE32DC4-C408-49EF-8E76-DBED296D9E77}
	EndGlobalSection
EndGlobal
