
Microsoft Visual Studio Solution File, Format Version 12.00
# Visual Studio Version 17
VisualStudioVersion = 17.5.002.0
MinimumVisualStudioVersion = 10.0.40219.1
Project("{9A19103F-16F7-4668-BE54-9A1E7A4F7556}") = "app", "app.csproj", "{310283CB-865C-482B-8AE9-FB31BA1B8A29}"
EndProject
Global
	GlobalSection(SolutionConfigurationPlatforms) = preSolution
		Debug|Any CPU = Debug|Any CPU
		Release|Any CPU = Release|Any CPU
	EndGlobalSection
	GlobalSection(ProjectConfigurationPlatforms) = postSolution
		{310283CB-865C-482B-8AE9-FB31BA1B8A29}.Debug|Any CPU.ActiveCfg = Debug|Any CPU
		{310283CB-865C-482B-8AE9-FB31BA1B8A29}.Debug|Any CPU.Build.0 = Debug|Any CPU
		{310283CB-865C-482B-8AE9-FB31BA1B8A29}.Release|Any CPU.ActiveCfg = Release|Any CPU
		{310283CB-865C-482B-8AE9-FB31BA1B8A29}.Release|Any CPU.Build.0 = Release|Any CPU
	EndGlobalSection
	GlobalSection(SolutionProperties) = preSolution
		HideSolutionNode = FALSE
	EndGlobalSection
	GlobalSection(ExtensibilityGlobals) = postSolution
		SolutionGuid = {1F664527-ECF5-4A7B-BFA3-21FB02D4215B}
	EndGlobalSection
EndGlobal
