
Microsoft Visual Studio Solution File, Format Version 12.00
# Visual Studio Version 17
VisualStudioVersion = 17.8.34525.116
MinimumVisualStudioVersion = 10.0.40219.1
Project("{9A19103F-16F7-4668-BE54-9A1E7A4F7556}") = "Task1", "Task1\Task1.csproj", "{06FC7BF2-6D67-4F8D-8918-9FAE950524CE}"
EndProject
Project("{9A19103F-16F7-4668-BE54-9A1E7A4F7556}") = "Task2", "Task2\Task2.csproj", "{37F657C6-66B7-48E1-9988-0E0227C2AF31}"
EndProject
Project("{9A19103F-16F7-4668-BE54-9A1E7A4F7556}") = "Task3", "Task3\Task3.csproj", "{08F3A47B-56D6-464C-8E71-F5A3E0E83894}"
EndProject
Project("{9A19103F-16F7-4668-BE54-9A1E7A4F7556}") = "Task4", "Task4\Task4.csproj", "{499629D5-AB77-4CE1-B0AF-3C2449CCEB21}"
EndProject
Project("{9A19103F-16F7-4668-BE54-9A1E7A4F7556}") = "Task5", "Task5\Task5.csproj", "{1169F4E7-7098-4074-944F-26C86628962C}"
EndProject
Project("{FAE04EC0-301F-11D3-BF4B-00C04F79EFBC}") = "Task6", "Task6\Task6.csproj", "{47716200-6A52-4863-83A6-7D881FEF3CDB}"
EndProject
Project("{FAE04EC0-301F-11D3-BF4B-00C04F79EFBC}") = "Task7", "Task7\Task7.csproj", "{FD8689A1-609F-4ED6-80D8-26566129E7C6}"
EndProject
Project("{FAE04EC0-301F-11D3-BF4B-00C04F79EFBC}") = "Task8", "Task8\Task8.csproj", "{06E45334-7ABD-4459-8BF6-13A2ABE856F0}"
EndProject
Global
	GlobalSection(SolutionConfigurationPlatforms) = preSolution
		Debug|Any CPU = Debug|Any CPU
		Release|Any CPU = Release|Any CPU
	EndGlobalSection
	GlobalSection(ProjectConfigurationPlatforms) = postSolution
		{06FC7BF2-6D67-4F8D-8918-9FAE950524CE}.Debug|Any CPU.ActiveCfg = Debug|Any CPU
		{06FC7BF2-6D67-4F8D-8918-9FAE950524CE}.Debug|Any CPU.Build.0 = Debug|Any CPU
		{06FC7BF2-6D67-4F8D-8918-9FAE950524CE}.Release|Any CPU.ActiveCfg = Release|Any CPU
		{06FC7BF2-6D67-4F8D-8918-9FAE950524CE}.Release|Any CPU.Build.0 = Release|Any CPU
		{37F657C6-66B7-48E1-9988-0E0227C2AF31}.Debug|Any CPU.ActiveCfg = Debug|Any CPU
		{37F657C6-66B7-48E1-9988-0E0227C2AF31}.Debug|Any CPU.Build.0 = Debug|Any CPU
		{37F657C6-66B7-48E1-9988-0E0227C2AF31}.Release|Any CPU.ActiveCfg = Release|Any CPU
		{37F657C6-66B7-48E1-9988-0E0227C2AF31}.Release|Any CPU.Build.0 = Release|Any CPU
		{08F3A47B-56D6-464C-8E71-F5A3E0E83894}.Debug|Any CPU.ActiveCfg = Debug|Any CPU
		{08F3A47B-56D6-464C-8E71-F5A3E0E83894}.Debug|Any CPU.Build.0 = Debug|Any CPU
		{08F3A47B-56D6-464C-8E71-F5A3E0E83894}.Release|Any CPU.ActiveCfg = Release|Any CPU
		{08F3A47B-56D6-464C-8E71-F5A3E0E83894}.Release|Any CPU.Build.0 = Release|Any CPU
		{499629D5-AB77-4CE1-B0AF-3C2449CCEB21}.Debug|Any CPU.ActiveCfg = Debug|Any CPU
		{499629D5-AB77-4CE1-B0AF-3C2449CCEB21}.Debug|Any CPU.Build.0 = Debug|Any CPU
		{499629D5-AB77-4CE1-B0AF-3C2449CCEB21}.Release|Any CPU.ActiveCfg = Release|Any CPU
		{499629D5-AB77-4CE1-B0AF-3C2449CCEB21}.Release|Any CPU.Build.0 = Release|Any CPU
		{1169F4E7-7098-4074-944F-26C86628962C}.Debug|Any CPU.ActiveCfg = Debug|Any CPU
		{1169F4E7-7098-4074-944F-26C86628962C}.Debug|Any CPU.Build.0 = Debug|Any CPU
		{1169F4E7-7098-4074-944F-26C86628962C}.Release|Any CPU.ActiveCfg = Release|Any CPU
		{1169F4E7-7098-4074-944F-26C86628962C}.Release|Any CPU.Build.0 = Release|Any CPU
		{47716200-6A52-4863-83A6-7D881FEF3CDB}.Debug|Any CPU.ActiveCfg = Debug|Any CPU
		{47716200-6A52-4863-83A6-7D881FEF3CDB}.Debug|Any CPU.Build.0 = Debug|Any CPU
		{47716200-6A52-4863-83A6-7D881FEF3CDB}.Release|Any CPU.ActiveCfg = Release|Any CPU
		{47716200-6A52-4863-83A6-7D881FEF3CDB}.Release|Any CPU.Build.0 = Release|Any CPU
		{FD8689A1-609F-4ED6-80D8-26566129E7C6}.Debug|Any CPU.ActiveCfg = Debug|Any CPU
		{FD8689A1-609F-4ED6-80D8-26566129E7C6}.Debug|Any CPU.Build.0 = Debug|Any CPU
		{FD8689A1-609F-4ED6-80D8-26566129E7C6}.Release|Any CPU.ActiveCfg = Release|Any CPU
		{FD8689A1-609F-4ED6-80D8-26566129E7C6}.Release|Any CPU.Build.0 = Release|Any CPU
		{06E45334-7ABD-4459-8BF6-13A2ABE856F0}.Debug|Any CPU.ActiveCfg = Debug|Any CPU
		{06E45334-7ABD-4459-8BF6-13A2ABE856F0}.Debug|Any CPU.Build.0 = Debug|Any CPU
		{06E45334-7ABD-4459-8BF6-13A2ABE856F0}.Release|Any CPU.ActiveCfg = Release|Any CPU
		{06E45334-7ABD-4459-8BF6-13A2ABE856F0}.Release|Any CPU.Build.0 = Release|Any CPU
	EndGlobalSection
	GlobalSection(SolutionProperties) = preSolution
		HideSolutionNode = FALSE
	EndGlobalSection
	GlobalSection(ExtensibilityGlobals) = postSolution
		SolutionGuid = {DF693588-88E0-4714-B24B-81D1FCA69693}
	EndGlobalSection
EndGlobal
