
Microsoft Visual Studio Solution File, Format Version 12.00
# Visual Studio Version 17
VisualStudioVersion = 17.7.34221.43
MinimumVisualStudioVersion = 10.0.40219.1
Project("{FAE04EC0-301F-11D3-BF4B-00C04F79EFBC}") = "WinFormsApp1", "WinFormsApp1.csproj", "{8C3D1E97-251D-47CD-A289-FFCA77E27E02}"
EndProject
Global
	GlobalSection(SolutionConfigurationPlatforms) = preSolution
		Debug|Any CPU = Debug|Any CPU
		Release|Any CPU = Release|Any CPU
	EndGlobalSection
	GlobalSection(ProjectConfigurationPlatforms) = postSolution
		{8C3D1E97-251D-47CD-A289-FFCA77E27E02}.Debug|Any CPU.ActiveCfg = Debug|Any CPU
		{8C3D1E97-251D-47CD-A289-FFCA77E27E02}.Debug|Any CPU.Build.0 = Debug|Any CPU
		{8C3D1E97-251D-47CD-A289-FFCA77E27E02}.Release|Any CPU.ActiveCfg = Release|Any CPU
		{8C3D1E97-251D-47CD-A289-FFCA77E27E02}.Release|Any CPU.Build.0 = Release|Any CPU
	EndGlobalSection
	GlobalSection(SolutionProperties) = preSolution
		HideSolutionNode = FALSE
	EndGlobalSection
	GlobalSection(ExtensibilityGlobals) = postSolution
		SolutionGuid = {36CA04B7-4435-4F6D-B150-6BA117080844}
	EndGlobalSection
EndGlobal
