
Microsoft Visual Studio Solution File, Format Version 12.00
# Visual Studio Version 17
VisualStudioVersion = 17.8.34330.188
MinimumVisualStudioVersion = 10.0.40219.1
Project("{FAE04EC0-301F-11D3-BF4B-00C04F79EFBC}") = "Contest_Project", "Contest_Project.csproj", "{56DB89FD-0ACE-451C-AD54-E755A9C78248}"
EndProject
Global
	GlobalSection(SolutionConfigurationPlatforms) = preSolution
		Debug|Any CPU = Debug|Any CPU
		Release|Any CPU = Release|Any CPU
	EndGlobalSection
	GlobalSection(ProjectConfigurationPlatforms) = postSolution
		{56DB89FD-0ACE-451C-AD54-E755A9C78248}.Debug|Any CPU.ActiveCfg = Debug|Any CPU
		{56DB89FD-0ACE-451C-AD54-E755A9C78248}.Debug|Any CPU.Build.0 = Debug|Any CPU
		{56DB89FD-0ACE-451C-AD54-E755A9C78248}.Release|Any CPU.ActiveCfg = Release|Any CPU
		{56DB89FD-0ACE-451C-AD54-E755A9C78248}.Release|Any CPU.Build.0 = Release|Any CPU
	EndGlobalSection
	GlobalSection(SolutionProperties) = preSolution
		HideSolutionNode = FALSE
	EndGlobalSection
	GlobalSection(ExtensibilityGlobals) = postSolution
		SolutionGuid = {BCA4CBE7-9F12-4DFA-AC98-0C7AFDBD0A5F}
	EndGlobalSection
EndGlobal
