
Microsoft Visual Studio Solution File, Format Version 12.00
# Visual Studio Version 17
VisualStudioVersion = 17.7.34221.43
MinimumVisualStudioVersion = 10.0.40219.1
Project("{FAE04EC0-301F-11D3-BF4B-00C04F79EFBC}") = "TestingStuffForProject", "TestingStuffForProject.csproj", "{76D0A4E1-0431-4DB1-A9BC-0064A42A3920}"
EndProject
Global
	GlobalSection(SolutionConfigurationPlatforms) = preSolution
		Debug|Any CPU = Debug|Any CPU
		Release|Any CPU = Release|Any CPU
	EndGlobalSection
	GlobalSection(ProjectConfigurationPlatforms) = postSolution
		{76D0A4E1-0431-4DB1-A9BC-0064A42A3920}.Debug|Any CPU.ActiveCfg = Debug|Any CPU
		{76D0A4E1-0431-4DB1-A9BC-0064A42A3920}.Debug|Any CPU.Build.0 = Debug|Any CPU
		{76D0A4E1-0431-4DB1-A9BC-0064A42A3920}.Release|Any CPU.ActiveCfg = Release|Any CPU
		{76D0A4E1-0431-4DB1-A9BC-0064A42A3920}.Release|Any CPU.Build.0 = Release|Any CPU
	EndGlobalSection
	GlobalSection(SolutionProperties) = preSolution
		HideSolutionNode = FALSE
	EndGlobalSection
	GlobalSection(ExtensibilityGlobals) = postSolution
		SolutionGuid = {CC3B41D0-098F-4CB6-959A-7A1A3FD44CB4}
	EndGlobalSection
EndGlobal
